// !$*UTF8*$!
{
	archiveVersion = 1;
	classes = {
	};
	objectVersion = 55;
	objects = {

/* Begin PBXBuildFile section */
		98ED87538C8C8CFC7491E44D /* Pods_CSTV_iOS.framework in Frameworks */ = {isa = PBXBuildFile; fileRef = 30588E78B34415F9BBDD8F36 /* Pods_CSTV_iOS.framework */; };
		E14C8EDC27F61A6500AE8A0B /* AppDelegate.swift in Sources */ = {isa = PBXBuildFile; fileRef = E14C8EDB27F61A6500AE8A0B /* AppDelegate.swift */; };
		E14C8EDE27F61A6500AE8A0B /* SceneDelegate.swift in Sources */ = {isa = PBXBuildFile; fileRef = E14C8EDD27F61A6500AE8A0B /* SceneDelegate.swift */; };
		E14C8EE527F61A6600AE8A0B /* Assets.xcassets in Resources */ = {isa = PBXBuildFile; fileRef = E14C8EE427F61A6600AE8A0B /* Assets.xcassets */; };
		E14C8EE827F61A6600AE8A0B /* LaunchScreen.storyboard in Resources */ = {isa = PBXBuildFile; fileRef = E14C8EE627F61A6600AE8A0B /* LaunchScreen.storyboard */; };
		E1B8359227F61C7600DAF96E /* AppCoordinator.swift in Sources */ = {isa = PBXBuildFile; fileRef = E1B8359127F61C7600DAF96E /* AppCoordinator.swift */; };
		E1B8359E27F61D2300DAF96E /* MatchesViewController.swift in Sources */ = {isa = PBXBuildFile; fileRef = E1B8359C27F61D2300DAF96E /* MatchesViewController.swift */; };
		E1B8359F27F61D2300DAF96E /* MatchesViewController.xib in Resources */ = {isa = PBXBuildFile; fileRef = E1B8359D27F61D2300DAF96E /* MatchesViewController.xib */; };
		E1B835A327F61E4800DAF96E /* MatchesTableViewCell.swift in Sources */ = {isa = PBXBuildFile; fileRef = E1B835A127F61E4800DAF96E /* MatchesTableViewCell.swift */; };
		E1B835A427F61E4800DAF96E /* MatchesTableViewCell.xib in Resources */ = {isa = PBXBuildFile; fileRef = E1B835A227F61E4800DAF96E /* MatchesTableViewCell.xib */; };
		E1B835A727F622AE00DAF96E /* MatchesDetailsViewController.swift in Sources */ = {isa = PBXBuildFile; fileRef = E1B835A527F622AE00DAF96E /* MatchesDetailsViewController.swift */; };
		E1B835A827F622AE00DAF96E /* MatchesDetailsViewController.xib in Resources */ = {isa = PBXBuildFile; fileRef = E1B835A627F622AE00DAF96E /* MatchesDetailsViewController.xib */; };
		E1B835AD27F6256800DAF96E /* FirstTeamTableViewCell.swift in Sources */ = {isa = PBXBuildFile; fileRef = E1B835AB27F6256800DAF96E /* FirstTeamTableViewCell.swift */; };
		E1B835AE27F6256800DAF96E /* FirstTeamTableViewCell.xib in Resources */ = {isa = PBXBuildFile; fileRef = E1B835AC27F6256800DAF96E /* FirstTeamTableViewCell.xib */; };
		E1B835B127F6281200DAF96E /* SecondTeamTableViewCell.swift in Sources */ = {isa = PBXBuildFile; fileRef = E1B835AF27F6281200DAF96E /* SecondTeamTableViewCell.swift */; };
		E1B835B227F6281200DAF96E /* SecondTeamTableViewCell.xib in Resources */ = {isa = PBXBuildFile; fileRef = E1B835B027F6281200DAF96E /* SecondTeamTableViewCell.xib */; };
		E1B835B627F629F100DAF96E /* Coordinator.swift in Sources */ = {isa = PBXBuildFile; fileRef = E1B835B527F629F100DAF96E /* Coordinator.swift */; };
		E1B835B827F62A7500DAF96E /* MainCoordinator.swift in Sources */ = {isa = PBXBuildFile; fileRef = E1B835B727F62A7500DAF96E /* MainCoordinator.swift */; };
		E1B835BA27F6309E00DAF96E /* Observable.swift in Sources */ = {isa = PBXBuildFile; fileRef = E1B835B927F6309E00DAF96E /* Observable.swift */; };
		E1B835BC27F630BD00DAF96E /* ViewModelBindable.swift in Sources */ = {isa = PBXBuildFile; fileRef = E1B835BB27F630BD00DAF96E /* ViewModelBindable.swift */; };
		E1B835C127F6312300DAF96E /* Teams.swift in Sources */ = {isa = PBXBuildFile; fileRef = E1B835C027F6312300DAF96E /* Teams.swift */; };
		E1B835C327F6312900DAF96E /* Players.swift in Sources */ = {isa = PBXBuildFile; fileRef = E1B835C227F6312900DAF96E /* Players.swift */; };
		E1B835C527F6314500DAF96E /* Matches.swift in Sources */ = {isa = PBXBuildFile; fileRef = E1B835C427F6314500DAF96E /* Matches.swift */; };
		E1B835C727F6314B00DAF96E /* League.swift in Sources */ = {isa = PBXBuildFile; fileRef = E1B835C627F6314B00DAF96E /* League.swift */; };
		E1B835C927F6315100DAF96E /* OpponentInfo.swift in Sources */ = {isa = PBXBuildFile; fileRef = E1B835C827F6315100DAF96E /* OpponentInfo.swift */; };
		E1B835CB27F6315900DAF96E /* Opponent.swift in Sources */ = {isa = PBXBuildFile; fileRef = E1B835CA27F6315900DAF96E /* Opponent.swift */; };
		E1B835D427F631D800DAF96E /* DTOMapper.swift in Sources */ = {isa = PBXBuildFile; fileRef = E1B835D327F631D800DAF96E /* DTOMapper.swift */; };
		E1B835D827F631F600DAF96E /* PlayersResponse.swift in Sources */ = {isa = PBXBuildFile; fileRef = E1B835D727F631F600DAF96E /* PlayersResponse.swift */; };
		E1B835DA27F6320700DAF96E /* TeamsResponse.swift in Sources */ = {isa = PBXBuildFile; fileRef = E1B835D927F6320700DAF96E /* TeamsResponse.swift */; };
		E1B835DC27F6322700DAF96E /* OpponentResponse.swift in Sources */ = {isa = PBXBuildFile; fileRef = E1B835DB27F6322700DAF96E /* OpponentResponse.swift */; };
		E1B835DE27F6323500DAF96E /* OpponentInfoResponse.swift in Sources */ = {isa = PBXBuildFile; fileRef = E1B835DD27F6323500DAF96E /* OpponentInfoResponse.swift */; };
		E1B835E027F6325200DAF96E /* LeagueResponse.swift in Sources */ = {isa = PBXBuildFile; fileRef = E1B835DF27F6325200DAF96E /* LeagueResponse.swift */; };
		E1B835E227F6326800DAF96E /* MatchesResponse.swift in Sources */ = {isa = PBXBuildFile; fileRef = E1B835E127F6326800DAF96E /* MatchesResponse.swift */; };
		E1B835E427F6328900DAF96E /* CsGoAPI.swift in Sources */ = {isa = PBXBuildFile; fileRef = E1B835E327F6328900DAF96E /* CsGoAPI.swift */; };
		E1B835E827F63A8100DAF96E /* MatchesService.swift in Sources */ = {isa = PBXBuildFile; fileRef = E1B835E727F63A8100DAF96E /* MatchesService.swift */; };
		E1B835EA27F63AC000DAF96E /* RemoteMatchesService.swift in Sources */ = {isa = PBXBuildFile; fileRef = E1B835E927F63AC000DAF96E /* RemoteMatchesService.swift */; };
		E1B835EC27F63B3000DAF96E /* TeamsService.swift in Sources */ = {isa = PBXBuildFile; fileRef = E1B835EB27F63B3000DAF96E /* TeamsService.swift */; };
		E1B835EE27F63B7700DAF96E /* RemoteTeamsService.swift in Sources */ = {isa = PBXBuildFile; fileRef = E1B835ED27F63B7700DAF96E /* RemoteTeamsService.swift */; };
		E1B835F127F63BE000DAF96E /* MatchesDataSource.swift in Sources */ = {isa = PBXBuildFile; fileRef = E1B835F027F63BE000DAF96E /* MatchesDataSource.swift */; };
		E1B835F327F63C1400DAF96E /* RemoteMatchesDataSource.swift in Sources */ = {isa = PBXBuildFile; fileRef = E1B835F227F63C1400DAF96E /* RemoteMatchesDataSource.swift */; };
		E1B835F627F63CA100DAF96E /* TeamsDataSource.swift in Sources */ = {isa = PBXBuildFile; fileRef = E1B835F527F63CA100DAF96E /* TeamsDataSource.swift */; };
		E1B835F827F63CCE00DAF96E /* RemoteTeamsDataSource.swift in Sources */ = {isa = PBXBuildFile; fileRef = E1B835F727F63CCE00DAF96E /* RemoteTeamsDataSource.swift */; };
		E1B835FA27F63D4000DAF96E /* RepositoryState.swift in Sources */ = {isa = PBXBuildFile; fileRef = E1B835F927F63D4000DAF96E /* RepositoryState.swift */; };
		E1B835FD27F63D6300DAF96E /* MatchesRepository.swift in Sources */ = {isa = PBXBuildFile; fileRef = E1B835FC27F63D6300DAF96E /* MatchesRepository.swift */; };
		E1B835FF27F63DDD00DAF96E /* DefaultMatchesRepository.swift in Sources */ = {isa = PBXBuildFile; fileRef = E1B835FE27F63DDD00DAF96E /* DefaultMatchesRepository.swift */; };
		E1B8360227F63F7800DAF96E /* TeamsRepository.swift in Sources */ = {isa = PBXBuildFile; fileRef = E1B8360127F63F7800DAF96E /* TeamsRepository.swift */; };
		E1B8360427F63FC800DAF96E /* DefaultTeamsRepository.swift in Sources */ = {isa = PBXBuildFile; fileRef = E1B8360327F63FC800DAF96E /* DefaultTeamsRepository.swift */; };
		E1B8360627F640D200DAF96E /* MatchesViewModel.swift in Sources */ = {isa = PBXBuildFile; fileRef = E1B8360527F640D200DAF96E /* MatchesViewModel.swift */; };
		E1B8360827F6411B00DAF96E /* DefaultMatchesViewModel.swift in Sources */ = {isa = PBXBuildFile; fileRef = E1B8360727F6411B00DAF96E /* DefaultMatchesViewModel.swift */; };
		E1B8360A27F644A600DAF96E /* MatchesDetailsViewModel.swift in Sources */ = {isa = PBXBuildFile; fileRef = E1B8360927F644A600DAF96E /* MatchesDetailsViewModel.swift */; };
		E1B8360C27F644EA00DAF96E /* DefaultMatchesDetailsViewModel.swift in Sources */ = {isa = PBXBuildFile; fileRef = E1B8360B27F644EA00DAF96E /* DefaultMatchesDetailsViewModel.swift */; };
		E1B8361C27F68C6D00DAF96E /* Roboto-Medium.ttf in Resources */ = {isa = PBXBuildFile; fileRef = E1B8360F27F68C6D00DAF96E /* Roboto-Medium.ttf */; };
		E1B8361D27F68C6D00DAF96E /* Roboto-Light.ttf in Resources */ = {isa = PBXBuildFile; fileRef = E1B8361027F68C6D00DAF96E /* Roboto-Light.ttf */; };
		E1B8361E27F68C6D00DAF96E /* Roboto-Regular.ttf in Resources */ = {isa = PBXBuildFile; fileRef = E1B8361127F68C6D00DAF96E /* Roboto-Regular.ttf */; };
		E1B8361F27F68C6D00DAF96E /* Roboto-MediumItalic.ttf in Resources */ = {isa = PBXBuildFile; fileRef = E1B8361227F68C6D00DAF96E /* Roboto-MediumItalic.ttf */; };
		E1B8362027F68C6D00DAF96E /* Roboto-ThinItalic.ttf in Resources */ = {isa = PBXBuildFile; fileRef = E1B8361327F68C6D00DAF96E /* Roboto-ThinItalic.ttf */; };
		E1B8362127F68C6D00DAF96E /* Roboto-BoldItalic.ttf in Resources */ = {isa = PBXBuildFile; fileRef = E1B8361427F68C6D00DAF96E /* Roboto-BoldItalic.ttf */; };
		E1B8362227F68C6D00DAF96E /* Roboto-LightItalic.ttf in Resources */ = {isa = PBXBuildFile; fileRef = E1B8361527F68C6D00DAF96E /* Roboto-LightItalic.ttf */; };
		E1B8362327F68C6D00DAF96E /* Roboto-Italic.ttf in Resources */ = {isa = PBXBuildFile; fileRef = E1B8361627F68C6D00DAF96E /* Roboto-Italic.ttf */; };
		E1B8362427F68C6D00DAF96E /* LICENSE.txt in Resources */ = {isa = PBXBuildFile; fileRef = E1B8361727F68C6D00DAF96E /* LICENSE.txt */; };
		E1B8362527F68C6D00DAF96E /* Roboto-BlackItalic.ttf in Resources */ = {isa = PBXBuildFile; fileRef = E1B8361827F68C6D00DAF96E /* Roboto-BlackItalic.ttf */; };
		E1B8362627F68C6D00DAF96E /* Roboto-Bold.ttf in Resources */ = {isa = PBXBuildFile; fileRef = E1B8361927F68C6D00DAF96E /* Roboto-Bold.ttf */; };
		E1B8362727F68C6D00DAF96E /* Roboto-Thin.ttf in Resources */ = {isa = PBXBuildFile; fileRef = E1B8361A27F68C6D00DAF96E /* Roboto-Thin.ttf */; };
		E1B8362827F68C6D00DAF96E /* Roboto-Black.ttf in Resources */ = {isa = PBXBuildFile; fileRef = E1B8361B27F68C6D00DAF96E /* Roboto-Black.ttf */; };
		E1B8362B27F68CFB00DAF96E /* FontExtension.swift in Sources */ = {isa = PBXBuildFile; fileRef = E1B8362A27F68CFB00DAF96E /* FontExtension.swift */; };
/* End PBXBuildFile section */

/* Begin PBXFileReference section */
		30588E78B34415F9BBDD8F36 /* Pods_CSTV_iOS.framework */ = {isa = PBXFileReference; explicitFileType = wrapper.framework; includeInIndex = 0; path = Pods_CSTV_iOS.framework; sourceTree = BUILT_PRODUCTS_DIR; };
		49C415A02AC55FE5E3F6C3C8 /* Pods-CSTV-iOS.debug.xcconfig */ = {isa = PBXFileReference; includeInIndex = 1; lastKnownFileType = text.xcconfig; name = "Pods-CSTV-iOS.debug.xcconfig"; path = "Target Support Files/Pods-CSTV-iOS/Pods-CSTV-iOS.debug.xcconfig"; sourceTree = "<group>"; };
		9B4ACC06FF46B415E02F65F9 /* Pods-CSTV-iOS.release.xcconfig */ = {isa = PBXFileReference; includeInIndex = 1; lastKnownFileType = text.xcconfig; name = "Pods-CSTV-iOS.release.xcconfig"; path = "Target Support Files/Pods-CSTV-iOS/Pods-CSTV-iOS.release.xcconfig"; sourceTree = "<group>"; };
		E14C8ED827F61A6500AE8A0B /* CSTV-iOS.app */ = {isa = PBXFileReference; explicitFileType = wrapper.application; includeInIndex = 0; path = "CSTV-iOS.app"; sourceTree = BUILT_PRODUCTS_DIR; };
		E14C8EDB27F61A6500AE8A0B /* AppDelegate.swift */ = {isa = PBXFileReference; lastKnownFileType = sourcecode.swift; path = AppDelegate.swift; sourceTree = "<group>"; };
		E14C8EDD27F61A6500AE8A0B /* SceneDelegate.swift */ = {isa = PBXFileReference; lastKnownFileType = sourcecode.swift; path = SceneDelegate.swift; sourceTree = "<group>"; };
		E14C8EE427F61A6600AE8A0B /* Assets.xcassets */ = {isa = PBXFileReference; lastKnownFileType = folder.assetcatalog; path = Assets.xcassets; sourceTree = "<group>"; };
		E14C8EE727F61A6600AE8A0B /* Base */ = {isa = PBXFileReference; lastKnownFileType = file.storyboard; name = Base; path = Base.lproj/LaunchScreen.storyboard; sourceTree = "<group>"; };
		E14C8EE927F61A6600AE8A0B /* Info.plist */ = {isa = PBXFileReference; lastKnownFileType = text.plist.xml; path = Info.plist; sourceTree = "<group>"; };
		E1B8359127F61C7600DAF96E /* AppCoordinator.swift */ = {isa = PBXFileReference; lastKnownFileType = sourcecode.swift; path = AppCoordinator.swift; sourceTree = "<group>"; };
		E1B8359C27F61D2300DAF96E /* MatchesViewController.swift */ = {isa = PBXFileReference; lastKnownFileType = sourcecode.swift; path = MatchesViewController.swift; sourceTree = "<group>"; };
		E1B8359D27F61D2300DAF96E /* MatchesViewController.xib */ = {isa = PBXFileReference; lastKnownFileType = file.xib; path = MatchesViewController.xib; sourceTree = "<group>"; };
		E1B835A127F61E4800DAF96E /* MatchesTableViewCell.swift */ = {isa = PBXFileReference; lastKnownFileType = sourcecode.swift; path = MatchesTableViewCell.swift; sourceTree = "<group>"; };
		E1B835A227F61E4800DAF96E /* MatchesTableViewCell.xib */ = {isa = PBXFileReference; lastKnownFileType = file.xib; path = MatchesTableViewCell.xib; sourceTree = "<group>"; };
		E1B835A527F622AE00DAF96E /* MatchesDetailsViewController.swift */ = {isa = PBXFileReference; lastKnownFileType = sourcecode.swift; path = MatchesDetailsViewController.swift; sourceTree = "<group>"; };
		E1B835A627F622AE00DAF96E /* MatchesDetailsViewController.xib */ = {isa = PBXFileReference; lastKnownFileType = file.xib; path = MatchesDetailsViewController.xib; sourceTree = "<group>"; };
		E1B835AB27F6256800DAF96E /* FirstTeamTableViewCell.swift */ = {isa = PBXFileReference; lastKnownFileType = sourcecode.swift; path = FirstTeamTableViewCell.swift; sourceTree = "<group>"; };
		E1B835AC27F6256800DAF96E /* FirstTeamTableViewCell.xib */ = {isa = PBXFileReference; lastKnownFileType = file.xib; path = FirstTeamTableViewCell.xib; sourceTree = "<group>"; };
		E1B835AF27F6281200DAF96E /* SecondTeamTableViewCell.swift */ = {isa = PBXFileReference; lastKnownFileType = sourcecode.swift; path = SecondTeamTableViewCell.swift; sourceTree = "<group>"; };
		E1B835B027F6281200DAF96E /* SecondTeamTableViewCell.xib */ = {isa = PBXFileReference; lastKnownFileType = file.xib; path = SecondTeamTableViewCell.xib; sourceTree = "<group>"; };
		E1B835B527F629F100DAF96E /* Coordinator.swift */ = {isa = PBXFileReference; lastKnownFileType = sourcecode.swift; path = Coordinator.swift; sourceTree = "<group>"; };
		E1B835B727F62A7500DAF96E /* MainCoordinator.swift */ = {isa = PBXFileReference; lastKnownFileType = sourcecode.swift; path = MainCoordinator.swift; sourceTree = "<group>"; };
		E1B835B927F6309E00DAF96E /* Observable.swift */ = {isa = PBXFileReference; lastKnownFileType = sourcecode.swift; path = Observable.swift; sourceTree = "<group>"; };
		E1B835BB27F630BD00DAF96E /* ViewModelBindable.swift */ = {isa = PBXFileReference; lastKnownFileType = sourcecode.swift; path = ViewModelBindable.swift; sourceTree = "<group>"; };
		E1B835C027F6312300DAF96E /* Teams.swift */ = {isa = PBXFileReference; lastKnownFileType = sourcecode.swift; path = Teams.swift; sourceTree = "<group>"; };
		E1B835C227F6312900DAF96E /* Players.swift */ = {isa = PBXFileReference; lastKnownFileType = sourcecode.swift; path = Players.swift; sourceTree = "<group>"; };
		E1B835C427F6314500DAF96E /* Matches.swift */ = {isa = PBXFileReference; lastKnownFileType = sourcecode.swift; path = Matches.swift; sourceTree = "<group>"; };
		E1B835C627F6314B00DAF96E /* League.swift */ = {isa = PBXFileReference; lastKnownFileType = sourcecode.swift; path = League.swift; sourceTree = "<group>"; };
		E1B835C827F6315100DAF96E /* OpponentInfo.swift */ = {isa = PBXFileReference; lastKnownFileType = sourcecode.swift; path = OpponentInfo.swift; sourceTree = "<group>"; };
		E1B835CA27F6315900DAF96E /* Opponent.swift */ = {isa = PBXFileReference; lastKnownFileType = sourcecode.swift; path = Opponent.swift; sourceTree = "<group>"; };
		E1B835D327F631D800DAF96E /* DTOMapper.swift */ = {isa = PBXFileReference; lastKnownFileType = sourcecode.swift; path = DTOMapper.swift; sourceTree = "<group>"; };
		E1B835D727F631F600DAF96E /* PlayersResponse.swift */ = {isa = PBXFileReference; lastKnownFileType = sourcecode.swift; path = PlayersResponse.swift; sourceTree = "<group>"; };
		E1B835D927F6320700DAF96E /* TeamsResponse.swift */ = {isa = PBXFileReference; lastKnownFileType = sourcecode.swift; path = TeamsResponse.swift; sourceTree = "<group>"; };
		E1B835DB27F6322700DAF96E /* OpponentResponse.swift */ = {isa = PBXFileReference; lastKnownFileType = sourcecode.swift; path = OpponentResponse.swift; sourceTree = "<group>"; };
		E1B835DD27F6323500DAF96E /* OpponentInfoResponse.swift */ = {isa = PBXFileReference; lastKnownFileType = sourcecode.swift; path = OpponentInfoResponse.swift; sourceTree = "<group>"; };
		E1B835DF27F6325200DAF96E /* LeagueResponse.swift */ = {isa = PBXFileReference; lastKnownFileType = sourcecode.swift; path = LeagueResponse.swift; sourceTree = "<group>"; };
		E1B835E127F6326800DAF96E /* MatchesResponse.swift */ = {isa = PBXFileReference; lastKnownFileType = sourcecode.swift; path = MatchesResponse.swift; sourceTree = "<group>"; };
		E1B835E327F6328900DAF96E /* CsGoAPI.swift */ = {isa = PBXFileReference; lastKnownFileType = sourcecode.swift; path = CsGoAPI.swift; sourceTree = "<group>"; };
		E1B835E727F63A8100DAF96E /* MatchesService.swift */ = {isa = PBXFileReference; lastKnownFileType = sourcecode.swift; path = MatchesService.swift; sourceTree = "<group>"; };
		E1B835E927F63AC000DAF96E /* RemoteMatchesService.swift */ = {isa = PBXFileReference; lastKnownFileType = sourcecode.swift; path = RemoteMatchesService.swift; sourceTree = "<group>"; };
		E1B835EB27F63B3000DAF96E /* TeamsService.swift */ = {isa = PBXFileReference; lastKnownFileType = sourcecode.swift; path = TeamsService.swift; sourceTree = "<group>"; };
		E1B835ED27F63B7700DAF96E /* RemoteTeamsService.swift */ = {isa = PBXFileReference; lastKnownFileType = sourcecode.swift; path = RemoteTeamsService.swift; sourceTree = "<group>"; };
		E1B835F027F63BE000DAF96E /* MatchesDataSource.swift */ = {isa = PBXFileReference; lastKnownFileType = sourcecode.swift; path = MatchesDataSource.swift; sourceTree = "<group>"; };
		E1B835F227F63C1400DAF96E /* RemoteMatchesDataSource.swift */ = {isa = PBXFileReference; lastKnownFileType = sourcecode.swift; path = RemoteMatchesDataSource.swift; sourceTree = "<group>"; };
		E1B835F527F63CA100DAF96E /* TeamsDataSource.swift */ = {isa = PBXFileReference; lastKnownFileType = sourcecode.swift; path = TeamsDataSource.swift; sourceTree = "<group>"; };
		E1B835F727F63CCE00DAF96E /* RemoteTeamsDataSource.swift */ = {isa = PBXFileReference; lastKnownFileType = sourcecode.swift; path = RemoteTeamsDataSource.swift; sourceTree = "<group>"; };
		E1B835F927F63D4000DAF96E /* RepositoryState.swift */ = {isa = PBXFileReference; lastKnownFileType = sourcecode.swift; path = RepositoryState.swift; sourceTree = "<group>"; };
		E1B835FC27F63D6300DAF96E /* MatchesRepository.swift */ = {isa = PBXFileReference; lastKnownFileType = sourcecode.swift; path = MatchesRepository.swift; sourceTree = "<group>"; };
		E1B835FE27F63DDD00DAF96E /* DefaultMatchesRepository.swift */ = {isa = PBXFileReference; lastKnownFileType = sourcecode.swift; path = DefaultMatchesRepository.swift; sourceTree = "<group>"; };
		E1B8360127F63F7800DAF96E /* TeamsRepository.swift */ = {isa = PBXFileReference; lastKnownFileType = sourcecode.swift; path = TeamsRepository.swift; sourceTree = "<group>"; };
		E1B8360327F63FC800DAF96E /* DefaultTeamsRepository.swift */ = {isa = PBXFileReference; lastKnownFileType = sourcecode.swift; path = DefaultTeamsRepository.swift; sourceTree = "<group>"; };
		E1B8360527F640D200DAF96E /* MatchesViewModel.swift */ = {isa = PBXFileReference; lastKnownFileType = sourcecode.swift; path = MatchesViewModel.swift; sourceTree = "<group>"; };
		E1B8360727F6411B00DAF96E /* DefaultMatchesViewModel.swift */ = {isa = PBXFileReference; lastKnownFileType = sourcecode.swift; path = DefaultMatchesViewModel.swift; sourceTree = "<group>"; };
		E1B8360927F644A600DAF96E /* MatchesDetailsViewModel.swift */ = {isa = PBXFileReference; lastKnownFileType = sourcecode.swift; path = MatchesDetailsViewModel.swift; sourceTree = "<group>"; };
		E1B8360B27F644EA00DAF96E /* DefaultMatchesDetailsViewModel.swift */ = {isa = PBXFileReference; lastKnownFileType = sourcecode.swift; path = DefaultMatchesDetailsViewModel.swift; sourceTree = "<group>"; };
		E1B8360F27F68C6D00DAF96E /* Roboto-Medium.ttf */ = {isa = PBXFileReference; lastKnownFileType = file; path = "Roboto-Medium.ttf"; sourceTree = "<group>"; };
		E1B8361027F68C6D00DAF96E /* Roboto-Light.ttf */ = {isa = PBXFileReference; lastKnownFileType = file; path = "Roboto-Light.ttf"; sourceTree = "<group>"; };
		E1B8361127F68C6D00DAF96E /* Roboto-Regular.ttf */ = {isa = PBXFileReference; lastKnownFileType = file; path = "Roboto-Regular.ttf"; sourceTree = "<group>"; };
		E1B8361227F68C6D00DAF96E /* Roboto-MediumItalic.ttf */ = {isa = PBXFileReference; lastKnownFileType = file; path = "Roboto-MediumItalic.ttf"; sourceTree = "<group>"; };
		E1B8361327F68C6D00DAF96E /* Roboto-ThinItalic.ttf */ = {isa = PBXFileReference; lastKnownFileType = file; path = "Roboto-ThinItalic.ttf"; sourceTree = "<group>"; };
		E1B8361427F68C6D00DAF96E /* Roboto-BoldItalic.ttf */ = {isa = PBXFileReference; lastKnownFileType = file; path = "Roboto-BoldItalic.ttf"; sourceTree = "<group>"; };
		E1B8361527F68C6D00DAF96E /* Roboto-LightItalic.ttf */ = {isa = PBXFileReference; lastKnownFileType = file; path = "Roboto-LightItalic.ttf"; sourceTree = "<group>"; };
		E1B8361627F68C6D00DAF96E /* Roboto-Italic.ttf */ = {isa = PBXFileReference; lastKnownFileType = file; path = "Roboto-Italic.ttf"; sourceTree = "<group>"; };
		E1B8361727F68C6D00DAF96E /* LICENSE.txt */ = {isa = PBXFileReference; fileEncoding = 4; lastKnownFileType = text; path = LICENSE.txt; sourceTree = "<group>"; };
		E1B8361827F68C6D00DAF96E /* Roboto-BlackItalic.ttf */ = {isa = PBXFileReference; lastKnownFileType = file; path = "Roboto-BlackItalic.ttf"; sourceTree = "<group>"; };
		E1B8361927F68C6D00DAF96E /* Roboto-Bold.ttf */ = {isa = PBXFileReference; lastKnownFileType = file; path = "Roboto-Bold.ttf"; sourceTree = "<group>"; };
		E1B8361A27F68C6D00DAF96E /* Roboto-Thin.ttf */ = {isa = PBXFileReference; lastKnownFileType = file; path = "Roboto-Thin.ttf"; sourceTree = "<group>"; };
		E1B8361B27F68C6D00DAF96E /* Roboto-Black.ttf */ = {isa = PBXFileReference; lastKnownFileType = file; path = "Roboto-Black.ttf"; sourceTree = "<group>"; };
		E1B8362A27F68CFB00DAF96E /* FontExtension.swift */ = {isa = PBXFileReference; lastKnownFileType = sourcecode.swift; path = FontExtension.swift; sourceTree = "<group>"; };
/* End PBXFileReference section */

/* Begin PBXFrameworksBuildPhase section */
		E14C8ED527F61A6500AE8A0B /* Frameworks */ = {
			isa = PBXFrameworksBuildPhase;
			buildActionMask = 2147483647;
			files = (
				98ED87538C8C8CFC7491E44D /* Pods_CSTV_iOS.framework in Frameworks */,
			);
			runOnlyForDeploymentPostprocessing = 0;
		};
/* End PBXFrameworksBuildPhase section */

/* Begin PBXGroup section */
		039C5CC8361F93FE8F7FBDE6 /* Pods */ = {
			isa = PBXGroup;
			children = (
				49C415A02AC55FE5E3F6C3C8 /* Pods-CSTV-iOS.debug.xcconfig */,
				9B4ACC06FF46B415E02F65F9 /* Pods-CSTV-iOS.release.xcconfig */,
			);
			path = Pods;
			sourceTree = "<group>";
		};
		4E1BE7715B2BBBDC3CF38A64 /* Frameworks */ = {
			isa = PBXGroup;
			children = (
				30588E78B34415F9BBDD8F36 /* Pods_CSTV_iOS.framework */,
			);
			name = Frameworks;
			sourceTree = "<group>";
		};
		E14C8ECF27F61A6500AE8A0B = {
			isa = PBXGroup;
			children = (
				E14C8EDA27F61A6500AE8A0B /* CSTV-iOS */,
				E14C8ED927F61A6500AE8A0B /* Products */,
				039C5CC8361F93FE8F7FBDE6 /* Pods */,
				4E1BE7715B2BBBDC3CF38A64 /* Frameworks */,
			);
			sourceTree = "<group>";
		};
		E14C8ED927F61A6500AE8A0B /* Products */ = {
			isa = PBXGroup;
			children = (
				E14C8ED827F61A6500AE8A0B /* CSTV-iOS.app */,
			);
			name = Products;
			sourceTree = "<group>";
		};
		E14C8EDA27F61A6500AE8A0B /* CSTV-iOS */ = {
			isa = PBXGroup;
			children = (
				E1B8359027F61C6600DAF96E /* Application */,
				E1B8359327F61C8C00DAF96E /* Scene */,
				E1B835CC27F6319A00DAF96E /* Data */,
				E1B835BD27F6310600DAF96E /* Model */,
				E1B835B327F629DA00DAF96E /* Common */,
				E1B8359B27F61CE300DAF96E /* Resource */,
				E14C8EE927F61A6600AE8A0B /* Info.plist */,
			);
			path = "CSTV-iOS";
			sourceTree = "<group>";
		};
		E1B8359027F61C6600DAF96E /* Application */ = {
			isa = PBXGroup;
			children = (
				E14C8EDB27F61A6500AE8A0B /* AppDelegate.swift */,
				E14C8EDD27F61A6500AE8A0B /* SceneDelegate.swift */,
				E1B8359127F61C7600DAF96E /* AppCoordinator.swift */,
			);
			path = Application;
			sourceTree = "<group>";
		};
		E1B8359327F61C8C00DAF96E /* Scene */ = {
			isa = PBXGroup;
			children = (
				E14C8EE627F61A6600AE8A0B /* LaunchScreen.storyboard */,
				E1B8359427F61CA700DAF96E /* Main */,
				E1B8359527F61CAF00DAF96E /* Matches */,
				E1B8359827F61CC900DAF96E /* MatchesDetails */,
			);
			path = Scene;
			sourceTree = "<group>";
		};
		E1B8359427F61CA700DAF96E /* Main */ = {
			isa = PBXGroup;
			children = (
				E1B835B727F62A7500DAF96E /* MainCoordinator.swift */,
			);
			path = Main;
			sourceTree = "<group>";
		};
		E1B8359527F61CAF00DAF96E /* Matches */ = {
			isa = PBXGroup;
			children = (
				E1B8359627F61CBB00DAF96E /* View */,
				E1B8359727F61CBE00DAF96E /* ViewModel */,
			);
			path = Matches;
			sourceTree = "<group>";
		};
		E1B8359627F61CBB00DAF96E /* View */ = {
			isa = PBXGroup;
			children = (
				E1B835A027F61E3A00DAF96E /* MatchesTableViewCell */,
				E1B8359C27F61D2300DAF96E /* MatchesViewController.swift */,
				E1B8359D27F61D2300DAF96E /* MatchesViewController.xib */,
			);
			path = View;
			sourceTree = "<group>";
		};
		E1B8359727F61CBE00DAF96E /* ViewModel */ = {
			isa = PBXGroup;
			children = (
				E1B8360527F640D200DAF96E /* MatchesViewModel.swift */,
				E1B8360727F6411B00DAF96E /* DefaultMatchesViewModel.swift */,
			);
			path = ViewModel;
			sourceTree = "<group>";
		};
		E1B8359827F61CC900DAF96E /* MatchesDetails */ = {
			isa = PBXGroup;
			children = (
				E1B8359927F61CCF00DAF96E /* View */,
				E1B8359A27F61CD200DAF96E /* ViewModel */,
			);
			path = MatchesDetails;
			sourceTree = "<group>";
		};
		E1B8359927F61CCF00DAF96E /* View */ = {
			isa = PBXGroup;
			children = (
				E1B835A927F6254500DAF96E /* FirstTeamTableViewCell */,
				E1B835AA27F6254F00DAF96E /* SecondTeamTableViewCell */,
				E1B835A527F622AE00DAF96E /* MatchesDetailsViewController.swift */,
				E1B835A627F622AE00DAF96E /* MatchesDetailsViewController.xib */,
			);
			path = View;
			sourceTree = "<group>";
		};
		E1B8359A27F61CD200DAF96E /* ViewModel */ = {
			isa = PBXGroup;
			children = (
				E1B8360927F644A600DAF96E /* MatchesDetailsViewModel.swift */,
				E1B8360B27F644EA00DAF96E /* DefaultMatchesDetailsViewModel.swift */,
			);
			path = ViewModel;
			sourceTree = "<group>";
		};
		E1B8359B27F61CE300DAF96E /* Resource */ = {
			isa = PBXGroup;
			children = (
				E14C8EE427F61A6600AE8A0B /* Assets.xcassets */,
			);
			path = Resource;
			sourceTree = "<group>";
		};
		E1B835A027F61E3A00DAF96E /* MatchesTableViewCell */ = {
			isa = PBXGroup;
			children = (
				E1B835A127F61E4800DAF96E /* MatchesTableViewCell.swift */,
				E1B835A227F61E4800DAF96E /* MatchesTableViewCell.xib */,
			);
			path = MatchesTableViewCell;
			sourceTree = "<group>";
		};
		E1B835A927F6254500DAF96E /* FirstTeamTableViewCell */ = {
			isa = PBXGroup;
			children = (
				E1B835AB27F6256800DAF96E /* FirstTeamTableViewCell.swift */,
				E1B835AC27F6256800DAF96E /* FirstTeamTableViewCell.xib */,
			);
			path = FirstTeamTableViewCell;
			sourceTree = "<group>";
		};
		E1B835AA27F6254F00DAF96E /* SecondTeamTableViewCell */ = {
			isa = PBXGroup;
			children = (
				E1B835AF27F6281200DAF96E /* SecondTeamTableViewCell.swift */,
				E1B835B027F6281200DAF96E /* SecondTeamTableViewCell.xib */,
			);
			path = SecondTeamTableViewCell;
			sourceTree = "<group>";
		};
		E1B835B327F629DA00DAF96E /* Common */ = {
			isa = PBXGroup;
			children = (
				E1B8362927F68CE800DAF96E /* Extension */,
				E1B8360D27F68C6300DAF96E /* CustomFonts */,
				E1B835B427F629E400DAF96E /* Coordinator */,
				E1B835B927F6309E00DAF96E /* Observable.swift */,
				E1B835BB27F630BD00DAF96E /* ViewModelBindable.swift */,
			);
			path = Common;
			sourceTree = "<group>";
		};
		E1B835B427F629E400DAF96E /* Coordinator */ = {
			isa = PBXGroup;
			children = (
				E1B835B527F629F100DAF96E /* Coordinator.swift */,
			);
			path = Coordinator;
			sourceTree = "<group>";
		};
		E1B835BD27F6310600DAF96E /* Model */ = {
			isa = PBXGroup;
			children = (
				E1B835BF27F6311400DAF96E /* Matches */,
				E1B835BE27F6311000DAF96E /* Teams */,
			);
			path = Model;
			sourceTree = "<group>";
		};
		E1B835BE27F6311000DAF96E /* Teams */ = {
			isa = PBXGroup;
			children = (
				E1B835C027F6312300DAF96E /* Teams.swift */,
				E1B835C227F6312900DAF96E /* Players.swift */,
			);
			path = Teams;
			sourceTree = "<group>";
		};
		E1B835BF27F6311400DAF96E /* Matches */ = {
			isa = PBXGroup;
			children = (
				E1B835C427F6314500DAF96E /* Matches.swift */,
				E1B835C627F6314B00DAF96E /* League.swift */,
				E1B835C827F6315100DAF96E /* OpponentInfo.swift */,
				E1B835CA27F6315900DAF96E /* Opponent.swift */,
			);
			path = Matches;
			sourceTree = "<group>";
		};
		E1B835CC27F6319A00DAF96E /* Data */ = {
			isa = PBXGroup;
			children = (
				E1B835CD27F631A300DAF96E /* DTO */,
				E1B835CE27F631A800DAF96E /* Repository */,
				E1B835CF27F631AC00DAF96E /* DataSource */,
				E1B835D027F631B000DAF96E /* Service */,
				E1B835D127F631B500DAF96E /* API */,
			);
			path = Data;
			sourceTree = "<group>";
		};
		E1B835CD27F631A300DAF96E /* DTO */ = {
			isa = PBXGroup;
			children = (
				E1B835D227F631CE00DAF96E /* Response */,
				E1B835D327F631D800DAF96E /* DTOMapper.swift */,
			);
			path = DTO;
			sourceTree = "<group>";
		};
		E1B835CE27F631A800DAF96E /* Repository */ = {
			isa = PBXGroup;
			children = (
				E1B8360027F63F6F00DAF96E /* Teams */,
				E1B835FB27F63D5B00DAF96E /* Matches */,
				E1B835F927F63D4000DAF96E /* RepositoryState.swift */,
			);
			path = Repository;
			sourceTree = "<group>";
		};
		E1B835CF27F631AC00DAF96E /* DataSource */ = {
			isa = PBXGroup;
			children = (
				E1B835F427F63C9800DAF96E /* Teams */,
				E1B835EF27F63BD800DAF96E /* Matches */,
			);
			path = DataSource;
			sourceTree = "<group>";
		};
		E1B835D027F631B000DAF96E /* Service */ = {
			isa = PBXGroup;
			children = (
				E1B835E527F63A6B00DAF96E /* Teams */,
				E1B835E627F63A7500DAF96E /* Matches */,
			);
			path = Service;
			sourceTree = "<group>";
		};
		E1B835D127F631B500DAF96E /* API */ = {
			isa = PBXGroup;
			children = (
				E1B835E327F6328900DAF96E /* CsGoAPI.swift */,
			);
			path = API;
			sourceTree = "<group>";
		};
		E1B835D227F631CE00DAF96E /* Response */ = {
			isa = PBXGroup;
			children = (
				E1B835D627F631E800DAF96E /* Matches */,
				E1B835D527F631E400DAF96E /* Teams */,
			);
			path = Response;
			sourceTree = "<group>";
		};
		E1B835D527F631E400DAF96E /* Teams */ = {
			isa = PBXGroup;
			children = (
				E1B835D727F631F600DAF96E /* PlayersResponse.swift */,
				E1B835D927F6320700DAF96E /* TeamsResponse.swift */,
			);
			path = Teams;
			sourceTree = "<group>";
		};
		E1B835D627F631E800DAF96E /* Matches */ = {
			isa = PBXGroup;
			children = (
				E1B835E127F6326800DAF96E /* MatchesResponse.swift */,
				E1B835DF27F6325200DAF96E /* LeagueResponse.swift */,
				E1B835DD27F6323500DAF96E /* OpponentInfoResponse.swift */,
				E1B835DB27F6322700DAF96E /* OpponentResponse.swift */,
			);
			path = Matches;
			sourceTree = "<group>";
		};
		E1B835E527F63A6B00DAF96E /* Teams */ = {
			isa = PBXGroup;
			children = (
				E1B835EB27F63B3000DAF96E /* TeamsService.swift */,
				E1B835ED27F63B7700DAF96E /* RemoteTeamsService.swift */,
			);
			path = Teams;
			sourceTree = "<group>";
		};
		E1B835E627F63A7500DAF96E /* Matches */ = {
			isa = PBXGroup;
			children = (
				E1B835E727F63A8100DAF96E /* MatchesService.swift */,
				E1B835E927F63AC000DAF96E /* RemoteMatchesService.swift */,
			);
			path = Matches;
			sourceTree = "<group>";
		};
		E1B835EF27F63BD800DAF96E /* Matches */ = {
			isa = PBXGroup;
			children = (
				E1B835F027F63BE000DAF96E /* MatchesDataSource.swift */,
				E1B835F227F63C1400DAF96E /* RemoteMatchesDataSource.swift */,
			);
			path = Matches;
			sourceTree = "<group>";
		};
		E1B835F427F63C9800DAF96E /* Teams */ = {
			isa = PBXGroup;
			children = (
				E1B835F527F63CA100DAF96E /* TeamsDataSource.swift */,
				E1B835F727F63CCE00DAF96E /* RemoteTeamsDataSource.swift */,
			);
			path = Teams;
			sourceTree = "<group>";
		};
		E1B835FB27F63D5B00DAF96E /* Matches */ = {
			isa = PBXGroup;
			children = (
				E1B835FC27F63D6300DAF96E /* MatchesRepository.swift */,
				E1B835FE27F63DDD00DAF96E /* DefaultMatchesRepository.swift */,
			);
			path = Matches;
			sourceTree = "<group>";
		};
		E1B8360027F63F6F00DAF96E /* Teams */ = {
			isa = PBXGroup;
			children = (
				E1B8360127F63F7800DAF96E /* TeamsRepository.swift */,
				E1B8360327F63FC800DAF96E /* DefaultTeamsRepository.swift */,
			);
			path = Teams;
			sourceTree = "<group>";
		};
		E1B8360D27F68C6300DAF96E /* CustomFonts */ = {
			isa = PBXGroup;
			children = (
				E1B8360E27F68C6D00DAF96E /* Roboto */,
			);
			path = CustomFonts;
			sourceTree = "<group>";
		};
		E1B8360E27F68C6D00DAF96E /* Roboto */ = {
			isa = PBXGroup;
			children = (
				E1B8360F27F68C6D00DAF96E /* Roboto-Medium.ttf */,
				E1B8361027F68C6D00DAF96E /* Roboto-Light.ttf */,
				E1B8361127F68C6D00DAF96E /* Roboto-Regular.ttf */,
				E1B8361227F68C6D00DAF96E /* Roboto-MediumItalic.ttf */,
				E1B8361327F68C6D00DAF96E /* Roboto-ThinItalic.ttf */,
				E1B8361427F68C6D00DAF96E /* Roboto-BoldItalic.ttf */,
				E1B8361527F68C6D00DAF96E /* Roboto-LightItalic.ttf */,
				E1B8361627F68C6D00DAF96E /* Roboto-Italic.ttf */,
				E1B8361727F68C6D00DAF96E /* LICENSE.txt */,
				E1B8361827F68C6D00DAF96E /* Roboto-BlackItalic.ttf */,
				E1B8361927F68C6D00DAF96E /* Roboto-Bold.ttf */,
				E1B8361A27F68C6D00DAF96E /* Roboto-Thin.ttf */,
				E1B8361B27F68C6D00DAF96E /* Roboto-Black.ttf */,
			);
			path = Roboto;
			sourceTree = "<group>";
		};
		E1B8362927F68CE800DAF96E /* Extension */ = {
			isa = PBXGroup;
			children = (
				E1B8362A27F68CFB00DAF96E /* FontExtension.swift */,
			);
			path = Extension;
			sourceTree = "<group>";
		};
/* End PBXGroup section */

/* Begin PBXNativeTarget section */
		E14C8ED727F61A6500AE8A0B /* CSTV-iOS */ = {
			isa = PBXNativeTarget;
			buildConfigurationList = E14C8EEC27F61A6600AE8A0B /* Build configuration list for PBXNativeTarget "CSTV-iOS" */;
			buildPhases = (
				574DC93EBC6FC35A6AE787DF /* [CP] Check Pods Manifest.lock */,
				E14C8ED427F61A6500AE8A0B /* Sources */,
				E14C8ED527F61A6500AE8A0B /* Frameworks */,
				E14C8ED627F61A6500AE8A0B /* Resources */,
				2D6AF2EF12B46D9F3C7256FB /* [CP] Embed Pods Frameworks */,
			);
			buildRules = (
			);
			dependencies = (
			);
			name = "CSTV-iOS";
			productName = "CSTV-iOS";
			productReference = E14C8ED827F61A6500AE8A0B /* CSTV-iOS.app */;
			productType = "com.apple.product-type.application";
		};
/* End PBXNativeTarget section */

/* Begin PBXProject section */
		E14C8ED027F61A6500AE8A0B /* Project object */ = {
			isa = PBXProject;
			attributes = {
				BuildIndependentTargetsInParallel = 1;
				LastSwiftUpdateCheck = 1330;
				LastUpgradeCheck = 1330;
				TargetAttributes = {
					E14C8ED727F61A6500AE8A0B = {
						CreatedOnToolsVersion = 13.3;
					};
				};
			};
			buildConfigurationList = E14C8ED327F61A6500AE8A0B /* Build configuration list for PBXProject "CSTV-iOS" */;
			compatibilityVersion = "Xcode 13.0";
			developmentRegion = en;
			hasScannedForEncodings = 0;
			knownRegions = (
				en,
				Base,
			);
			mainGroup = E14C8ECF27F61A6500AE8A0B;
			productRefGroup = E14C8ED927F61A6500AE8A0B /* Products */;
			projectDirPath = "";
			projectRoot = "";
			targets = (
				E14C8ED727F61A6500AE8A0B /* CSTV-iOS */,
			);
		};
/* End PBXProject section */

/* Begin PBXResourcesBuildPhase section */
		E14C8ED627F61A6500AE8A0B /* Resources */ = {
			isa = PBXResourcesBuildPhase;
			buildActionMask = 2147483647;
			files = (
				E1B8362027F68C6D00DAF96E /* Roboto-ThinItalic.ttf in Resources */,
				E1B8361C27F68C6D00DAF96E /* Roboto-Medium.ttf in Resources */,
				E1B8362527F68C6D00DAF96E /* Roboto-BlackItalic.ttf in Resources */,
				E1B8362227F68C6D00DAF96E /* Roboto-LightItalic.ttf in Resources */,
				E1B8359F27F61D2300DAF96E /* MatchesViewController.xib in Resources */,
				E1B8361E27F68C6D00DAF96E /* Roboto-Regular.ttf in Resources */,
				E1B8362127F68C6D00DAF96E /* Roboto-BoldItalic.ttf in Resources */,
				E1B8362827F68C6D00DAF96E /* Roboto-Black.ttf in Resources */,
				E1B835A427F61E4800DAF96E /* MatchesTableViewCell.xib in Resources */,
				E1B8362327F68C6D00DAF96E /* Roboto-Italic.ttf in Resources */,
				E1B835A827F622AE00DAF96E /* MatchesDetailsViewController.xib in Resources */,
				E1B835B227F6281200DAF96E /* SecondTeamTableViewCell.xib in Resources */,
				E14C8EE827F61A6600AE8A0B /* LaunchScreen.storyboard in Resources */,
				E14C8EE527F61A6600AE8A0B /* Assets.xcassets in Resources */,
				E1B8362427F68C6D00DAF96E /* LICENSE.txt in Resources */,
				E1B8362727F68C6D00DAF96E /* Roboto-Thin.ttf in Resources */,
				E1B8362627F68C6D00DAF96E /* Roboto-Bold.ttf in Resources */,
				E1B835AE27F6256800DAF96E /* FirstTeamTableViewCell.xib in Resources */,
				E1B8361F27F68C6D00DAF96E /* Roboto-MediumItalic.ttf in Resources */,
				E1B8361D27F68C6D00DAF96E /* Roboto-Light.ttf in Resources */,
			);
			runOnlyForDeploymentPostprocessing = 0;
		};
/* End PBXResourcesBuildPhase section */

/* Begin PBXShellScriptBuildPhase section */
		2D6AF2EF12B46D9F3C7256FB /* [CP] Embed Pods Frameworks */ = {
			isa = PBXShellScriptBuildPhase;
			buildActionMask = 2147483647;
			files = (
			);
			inputFileListPaths = (
				"${PODS_ROOT}/Target Support Files/Pods-CSTV-iOS/Pods-CSTV-iOS-frameworks-${CONFIGURATION}-input-files.xcfilelist",
			);
			name = "[CP] Embed Pods Frameworks";
			outputFileListPaths = (
				"${PODS_ROOT}/Target Support Files/Pods-CSTV-iOS/Pods-CSTV-iOS-frameworks-${CONFIGURATION}-output-files.xcfilelist",
			);
			runOnlyForDeploymentPostprocessing = 0;
			shellPath = /bin/sh;
			shellScript = "\"${PODS_ROOT}/Target Support Files/Pods-CSTV-iOS/Pods-CSTV-iOS-frameworks.sh\"\n";
			showEnvVarsInLog = 0;
		};
		574DC93EBC6FC35A6AE787DF /* [CP] Check Pods Manifest.lock */ = {
			isa = PBXShellScriptBuildPhase;
			buildActionMask = 2147483647;
			files = (
			);
			inputFileListPaths = (
			);
			inputPaths = (
				"${PODS_PODFILE_DIR_PATH}/Podfile.lock",
				"${PODS_ROOT}/Manifest.lock",
			);
			name = "[CP] Check Pods Manifest.lock";
			outputFileListPaths = (
			);
			outputPaths = (
				"$(DERIVED_FILE_DIR)/Pods-CSTV-iOS-checkManifestLockResult.txt",
			);
			runOnlyForDeploymentPostprocessing = 0;
			shellPath = /bin/sh;
			shellScript = "diff \"${PODS_PODFILE_DIR_PATH}/Podfile.lock\" \"${PODS_ROOT}/Manifest.lock\" > /dev/null\nif [ $? != 0 ] ; then\n    # print error to STDERR\n    echo \"error: The sandbox is not in sync with the Podfile.lock. Run 'pod install' or update your CocoaPods installation.\" >&2\n    exit 1\nfi\n# This output is used by Xcode 'outputs' to avoid re-running this script phase.\necho \"SUCCESS\" > \"${SCRIPT_OUTPUT_FILE_0}\"\n";
			showEnvVarsInLog = 0;
		};
/* End PBXShellScriptBuildPhase section */

/* Begin PBXSourcesBuildPhase section */
		E14C8ED427F61A6500AE8A0B /* Sources */ = {
			isa = PBXSourcesBuildPhase;
			buildActionMask = 2147483647;
			files = (
				E1B835E227F6326800DAF96E /* MatchesResponse.swift in Sources */,
				E1B835BA27F6309E00DAF96E /* Observable.swift in Sources */,
				E1B835C927F6315100DAF96E /* OpponentInfo.swift in Sources */,
				E1B8359227F61C7600DAF96E /* AppCoordinator.swift in Sources */,
				E1B8360827F6411B00DAF96E /* DefaultMatchesViewModel.swift in Sources */,
				E1B8360A27F644A600DAF96E /* MatchesDetailsViewModel.swift in Sources */,
				E1B8360227F63F7800DAF96E /* TeamsRepository.swift in Sources */,
				E1B835F127F63BE000DAF96E /* MatchesDataSource.swift in Sources */,
				E1B835DC27F6322700DAF96E /* OpponentResponse.swift in Sources */,
				E1B8360427F63FC800DAF96E /* DefaultTeamsRepository.swift in Sources */,
				E1B835D827F631F600DAF96E /* PlayersResponse.swift in Sources */,
				E1B835F827F63CCE00DAF96E /* RemoteTeamsDataSource.swift in Sources */,
				E14C8EDC27F61A6500AE8A0B /* AppDelegate.swift in Sources */,
				E1B835F627F63CA100DAF96E /* TeamsDataSource.swift in Sources */,
				E1B835EC27F63B3000DAF96E /* TeamsService.swift in Sources */,
				E1B835BC27F630BD00DAF96E /* ViewModelBindable.swift in Sources */,
				E1B835DA27F6320700DAF96E /* TeamsResponse.swift in Sources */,
				E1B835EE27F63B7700DAF96E /* RemoteTeamsService.swift in Sources */,
				E1B835AD27F6256800DAF96E /* FirstTeamTableViewCell.swift in Sources */,
				E1B835B827F62A7500DAF96E /* MainCoordinator.swift in Sources */,
				E1B835EA27F63AC000DAF96E /* RemoteMatchesService.swift in Sources */,
				E1B835FF27F63DDD00DAF96E /* DefaultMatchesRepository.swift in Sources */,
				E1B835A327F61E4800DAF96E /* MatchesTableViewCell.swift in Sources */,
				E1B835FA27F63D4000DAF96E /* RepositoryState.swift in Sources */,
				E1B835DE27F6323500DAF96E /* OpponentInfoResponse.swift in Sources */,
				E1B835CB27F6315900DAF96E /* Opponent.swift in Sources */,
				E1B835D427F631D800DAF96E /* DTOMapper.swift in Sources */,
				E1B835E827F63A8100DAF96E /* MatchesService.swift in Sources */,
				E1B8360627F640D200DAF96E /* MatchesViewModel.swift in Sources */,
				E1B8360C27F644EA00DAF96E /* DefaultMatchesDetailsViewModel.swift in Sources */,
				E1B835F327F63C1400DAF96E /* RemoteMatchesDataSource.swift in Sources */,
				E1B835C127F6312300DAF96E /* Teams.swift in Sources */,
				E1B835E427F6328900DAF96E /* CsGoAPI.swift in Sources */,
				E1B835A727F622AE00DAF96E /* MatchesDetailsViewController.swift in Sources */,
				E1B8359E27F61D2300DAF96E /* MatchesViewController.swift in Sources */,
				E1B835E027F6325200DAF96E /* LeagueResponse.swift in Sources */,
				E1B835C727F6314B00DAF96E /* League.swift in Sources */,
				E1B835C327F6312900DAF96E /* Players.swift in Sources */,
				E1B835FD27F63D6300DAF96E /* MatchesRepository.swift in Sources */,
				E1B835B127F6281200DAF96E /* SecondTeamTableViewCell.swift in Sources */,
				E14C8EDE27F61A6500AE8A0B /* SceneDelegate.swift in Sources */,
				E1B835C527F6314500DAF96E /* Matches.swift in Sources */,
				E1B8362B27F68CFB00DAF96E /* FontExtension.swift in Sources */,
				E1B835B627F629F100DAF96E /* Coordinator.swift in Sources */,
			);
			runOnlyForDeploymentPostprocessing = 0;
		};
/* End PBXSourcesBuildPhase section */

/* Begin PBXVariantGroup section */
		E14C8EE627F61A6600AE8A0B /* LaunchScreen.storyboard */ = {
			isa = PBXVariantGroup;
			children = (
				E14C8EE727F61A6600AE8A0B /* Base */,
			);
			name = LaunchScreen.storyboard;
			sourceTree = "<group>";
		};
/* End PBXVariantGroup section */

/* Begin XCBuildConfiguration section */
		E14C8EEA27F61A6600AE8A0B /* Debug */ = {
			isa = XCBuildConfiguration;
			buildSettings = {
				ALWAYS_SEARCH_USER_PATHS = NO;
				CLANG_ANALYZER_NONNULL = YES;
				CLANG_ANALYZER_NUMBER_OBJECT_CONVERSION = YES_AGGRESSIVE;
				CLANG_CXX_LANGUAGE_STANDARD = "gnu++17";
				CLANG_ENABLE_MODULES = YES;
				CLANG_ENABLE_OBJC_ARC = YES;
				CLANG_ENABLE_OBJC_WEAK = YES;
				CLANG_WARN_BLOCK_CAPTURE_AUTORELEASING = YES;
				CLANG_WARN_BOOL_CONVERSION = YES;
				CLANG_WARN_COMMA = YES;
				CLANG_WARN_CONSTANT_CONVERSION = YES;
				CLANG_WARN_DEPRECATED_OBJC_IMPLEMENTATIONS = YES;
				CLANG_WARN_DIRECT_OBJC_ISA_USAGE = YES_ERROR;
				CLANG_WARN_DOCUMENTATION_COMMENTS = YES;
				CLANG_WARN_EMPTY_BODY = YES;
				CLANG_WARN_ENUM_CONVERSION = YES;
				CLANG_WARN_INFINITE_RECURSION = YES;
				CLANG_WARN_INT_CONVERSION = YES;
				CLANG_WARN_NON_LITERAL_NULL_CONVERSION = YES;
				CLANG_WARN_OBJC_IMPLICIT_RETAIN_SELF = YES;
				CLANG_WARN_OBJC_LITERAL_CONVERSION = YES;
				CLANG_WARN_OBJC_ROOT_CLASS = YES_ERROR;
				CLANG_WARN_QUOTED_INCLUDE_IN_FRAMEWORK_HEADER = YES;
				CLANG_WARN_RANGE_LOOP_ANALYSIS = YES;
				CLANG_WARN_STRICT_PROTOTYPES = YES;
				CLANG_WARN_SUSPICIOUS_MOVE = YES;
				CLANG_WARN_UNGUARDED_AVAILABILITY = YES_AGGRESSIVE;
				CLANG_WARN_UNREACHABLE_CODE = YES;
				CLANG_WARN__DUPLICATE_METHOD_MATCH = YES;
				COPY_PHASE_STRIP = NO;
				DEBUG_INFORMATION_FORMAT = dwarf;
				ENABLE_STRICT_OBJC_MSGSEND = YES;
				ENABLE_TESTABILITY = YES;
				GCC_C_LANGUAGE_STANDARD = gnu11;
				GCC_DYNAMIC_NO_PIC = NO;
				GCC_NO_COMMON_BLOCKS = YES;
				GCC_OPTIMIZATION_LEVEL = 0;
				GCC_PREPROCESSOR_DEFINITIONS = (
					"DEBUG=1",
					"$(inherited)",
				);
				GCC_WARN_64_TO_32_BIT_CONVERSION = YES;
				GCC_WARN_ABOUT_RETURN_TYPE = YES_ERROR;
				GCC_WARN_UNDECLARED_SELECTOR = YES;
				GCC_WARN_UNINITIALIZED_AUTOS = YES_AGGRESSIVE;
				GCC_WARN_UNUSED_FUNCTION = YES;
				GCC_WARN_UNUSED_VARIABLE = YES;
				IPHONEOS_DEPLOYMENT_TARGET = 15.4;
				MTL_ENABLE_DEBUG_INFO = INCLUDE_SOURCE;
				MTL_FAST_MATH = YES;
				ONLY_ACTIVE_ARCH = YES;
				SDKROOT = iphoneos;
				SWIFT_ACTIVE_COMPILATION_CONDITIONS = DEBUG;
				SWIFT_OPTIMIZATION_LEVEL = "-Onone";
			};
			name = Debug;
		};
		E14C8EEB27F61A6600AE8A0B /* Release */ = {
			isa = XCBuildConfiguration;
			buildSettings = {
				ALWAYS_SEARCH_USER_PATHS = NO;
				CLANG_ANALYZER_NONNULL = YES;
				CLANG_ANALYZER_NUMBER_OBJECT_CONVERSION = YES_AGGRESSIVE;
				CLANG_CXX_LANGUAGE_STANDARD = "gnu++17";
				CLANG_ENABLE_MODULES = YES;
				CLANG_ENABLE_OBJC_ARC = YES;
				CLANG_ENABLE_OBJC_WEAK = YES;
				CLANG_WARN_BLOCK_CAPTURE_AUTORELEASING = YES;
				CLANG_WARN_BOOL_CONVERSION = YES;
				CLANG_WARN_COMMA = YES;
				CLANG_WARN_CONSTANT_CONVERSION = YES;
				CLANG_WARN_DEPRECATED_OBJC_IMPLEMENTATIONS = YES;
				CLANG_WARN_DIRECT_OBJC_ISA_USAGE = YES_ERROR;
				CLANG_WARN_DOCUMENTATION_COMMENTS = YES;
				CLANG_WARN_EMPTY_BODY = YES;
				CLANG_WARN_ENUM_CONVERSION = YES;
				CLANG_WARN_INFINITE_RECURSION = YES;
				CLANG_WARN_INT_CONVERSION = YES;
				CLANG_WARN_NON_LITERAL_NULL_CONVERSION = YES;
				CLANG_WARN_OBJC_IMPLICIT_RETAIN_SELF = YES;
				CLANG_WARN_OBJC_LITERAL_CONVERSION = YES;
				CLANG_WARN_OBJC_ROOT_CLASS = YES_ERROR;
				CLANG_WARN_QUOTED_INCLUDE_IN_FRAMEWORK_HEADER = YES;
				CLANG_WARN_RANGE_LOOP_ANALYSIS = YES;
				CLANG_WARN_STRICT_PROTOTYPES = YES;
				CLANG_WARN_SUSPICIOUS_MOVE = YES;
				CLANG_WARN_UNGUARDED_AVAILABILITY = YES_AGGRESSIVE;
				CLANG_WARN_UNREACHABLE_CODE = YES;
				CLANG_WARN__DUPLICATE_METHOD_MATCH = YES;
				COPY_PHASE_STRIP = NO;
				DEBUG_INFORMATION_FORMAT = "dwarf-with-dsym";
				ENABLE_NS_ASSERTIONS = NO;
				ENABLE_STRICT_OBJC_MSGSEND = YES;
				GCC_C_LANGUAGE_STANDARD = gnu11;
				GCC_NO_COMMON_BLOCKS = YES;
				GCC_WARN_64_TO_32_BIT_CONVERSION = YES;
				GCC_WARN_ABOUT_RETURN_TYPE = YES_ERROR;
				GCC_WARN_UNDECLARED_SELECTOR = YES;
				GCC_WARN_UNINITIALIZED_AUTOS = YES_AGGRESSIVE;
				GCC_WARN_UNUSED_FUNCTION = YES;
				GCC_WARN_UNUSED_VARIABLE = YES;
				IPHONEOS_DEPLOYMENT_TARGET = 15.4;
				MTL_ENABLE_DEBUG_INFO = NO;
				MTL_FAST_MATH = YES;
				SDKROOT = iphoneos;
				SWIFT_COMPILATION_MODE = wholemodule;
				SWIFT_OPTIMIZATION_LEVEL = "-O";
				VALIDATE_PRODUCT = YES;
			};
			name = Release;
		};
		E14C8EED27F61A6600AE8A0B /* Debug */ = {
			isa = XCBuildConfiguration;
			baseConfigurationReference = 49C415A02AC55FE5E3F6C3C8 /* Pods-CSTV-iOS.debug.xcconfig */;
			buildSettings = {
				ASSETCATALOG_COMPILER_APPICON_NAME = AppIcon;
				ASSETCATALOG_COMPILER_GLOBAL_ACCENT_COLOR_NAME = AccentColor;
				CODE_SIGN_STYLE = Automatic;
				CURRENT_PROJECT_VERSION = 1;
				DEVELOPMENT_TEAM = KKM9PW6RZ7;
				GENERATE_INFOPLIST_FILE = YES;
				INFOPLIST_FILE = "CSTV-iOS/Info.plist";
				INFOPLIST_KEY_UIApplicationSupportsIndirectInputEvents = YES;
				INFOPLIST_KEY_UILaunchStoryboardName = LaunchScreen;
				INFOPLIST_KEY_UISupportedInterfaceOrientations_iPad = "UIInterfaceOrientationPortrait UIInterfaceOrientationPortraitUpsideDown UIInterfaceOrientationLandscapeLeft UIInterfaceOrientationLandscapeRight";
				INFOPLIST_KEY_UISupportedInterfaceOrientations_iPhone = "UIInterfaceOrientationPortrait UIInterfaceOrientationLandscapeLeft UIInterfaceOrientationLandscapeRight";
				LD_RUNPATH_SEARCH_PATHS = (
					"$(inherited)",
					"@executable_path/Frameworks",
				);
				MARKETING_VERSION = 1.0;
				PRODUCT_BUNDLE_IDENTIFIER = "Leonardo.CSTV-iOS";
				PRODUCT_NAME = "$(TARGET_NAME)";
				SWIFT_EMIT_LOC_STRINGS = YES;
				SWIFT_VERSION = 5.0;
				TARGETED_DEVICE_FAMILY = "1,2";
			};
			name = Debug;
		};
		E14C8EEE27F61A6600AE8A0B /* Release */ = {
			isa = XCBuildConfiguration;
			baseConfigurationReference = 9B4ACC06FF46B415E02F65F9 /* Pods-CSTV-iOS.release.xcconfig */;
			buildSettings = {
				ASSETCATALOG_COMPILER_APPICON_NAME = AppIcon;
				ASSETCATALOG_COMPILER_GLOBAL_ACCENT_COLOR_NAME = AccentColor;
				CODE_SIGN_STYLE = Automatic;
				CURRENT_PROJECT_VERSION = 1;
				DEVELOPMENT_TEAM = KKM9PW6RZ7;
				GENERATE_INFOPLIST_FILE = YES;
				INFOPLIST_FILE = "CSTV-iOS/Info.plist";
				INFOPLIST_KEY_UIApplicationSupportsIndirectInputEvents = YES;
				INFOPLIST_KEY_UILaunchStoryboardName = LaunchScreen;
				INFOPLIST_KEY_UISupportedInterfaceOrientations_iPad = "UIInterfaceOrientationPortrait UIInterfaceOrientationPortraitUpsideDown UIInterfaceOrientationLandscapeLeft UIInterfaceOrientationLandscapeRight";
				INFOPLIST_KEY_UISupportedInterfaceOrientations_iPhone = "UIInterfaceOrientationPortrait UIInterfaceOrientationLandscapeLeft UIInterfaceOrientationLandscapeRight";
				LD_RUNPATH_SEARCH_PATHS = (
					"$(inherited)",
					"@executable_path/Frameworks",
				);
				MARKETING_VERSION = 1.0;
				PRODUCT_BUNDLE_IDENTIFIER = "Leonardo.CSTV-iOS";
				PRODUCT_NAME = "$(TARGET_NAME)";
				SWIFT_EMIT_LOC_STRINGS = YES;
				SWIFT_VERSION = 5.0;
				TARGETED_DEVICE_FAMILY = "1,2";
			};
			name = Release;
		};
/* End XCBuildConfiguration section */

/* Begin XCConfigurationList section */
		E14C8ED327F61A6500AE8A0B /* Build configuration list for PBXProject "CSTV-iOS" */ = {
			isa = XCConfigurationList;
			buildConfigurations = (
				E14C8EEA27F61A6600AE8A0B /* Debug */,
				E14C8EEB27F61A6600AE8A0B /* Release */,
			);
			defaultConfigurationIsVisible = 0;
			defaultConfigurationName = Release;
		};
		E14C8EEC27F61A6600AE8A0B /* Build configuration list for PBXNativeTarget "CSTV-iOS" */ = {
			isa = XCConfigurationList;
			buildConfigurations = (
				E14C8EED27F61A6600AE8A0B /* Debug */,
				E14C8EEE27F61A6600AE8A0B /* Release */,
			);
			defaultConfigurationIsVisible = 0;
			defaultConfigurationName = Release;
		};
/* End XCConfigurationList section */
	};
	rootObject = E14C8ED027F61A6500AE8A0B /* Project object */;
}
